
Microsoft Visual Studio Solution File, Format Version 11.00
# Visual Studio 2010
Project("{8BC9CEB8-8B4A-11D0-8D11-00A0C91BC942}") = "3dmm_hw1", "3dmm_hw1.vcxproj", "{07D3E7FD-6E15-4073-8840-33A9859738B1}"
EndProject
Global
	GlobalSection(SolutionConfigurationPlatforms) = preSolution
		Debug|Win32 = Debug|Win32
		Release|Win32 = Release|Win32
	EndGlobalSection
	GlobalSection(ProjectConfigurationPlatforms) = postSolution
		{07D3E7FD-6E15-4073-8840-33A9859738B1}.Debug|Win32.ActiveCfg = Debug|Win32
		{07D3E7FD-6E15-4073-8840-33A9859738B1}.Debug|Win32.Build.0 = Debug|Win32
		{07D3E7FD-6E15-4073-8840-33A9859738B1}.Release|Win32.ActiveCfg = Release|Win32
		{07D3E7FD-6E15-4073-8840-33A9859738B1}.Release|Win32.Build.0 = Release|Win32
	EndGlobalSection
	GlobalSection(SolutionProperties) = preSolution
		HideSolutionNode = FALSE
	EndGlobalSection
EndGlobal
